
Microsoft Visual Studio Solution File, Format Version 12.00
# Visual Studio Version 17
VisualStudioVersion = 17.5.002.0
MinimumVisualStudioVersion = 10.0.40219.1
Project("{9A19103F-16F7-4668-BE54-9A1E7A4F7556}") = "Classificador-de-Nivel-de-Heroi", "Classificador-de-Nivel-de-Heroi.csproj", "{765A8B1A-7486-49CC-863D-8BC9ACDFDE48}"
EndProject
Global
	GlobalSection(SolutionConfigurationPlatforms) = preSolution
		Debug|Any CPU = Debug|Any CPU
		Release|Any CPU = Release|Any CPU
	EndGlobalSection
	GlobalSection(ProjectConfigurationPlatforms) = postSolution
		{765A8B1A-7486-49CC-863D-8BC9ACDFDE48}.Debug|Any CPU.ActiveCfg = Debug|Any CPU
		{765A8B1A-7486-49CC-863D-8BC9ACDFDE48}.Debug|Any CPU.Build.0 = Debug|Any CPU
		{765A8B1A-7486-49CC-863D-8BC9ACDFDE48}.Release|Any CPU.ActiveCfg = Release|Any CPU
		{765A8B1A-7486-49CC-863D-8BC9ACDFDE48}.Release|Any CPU.Build.0 = Release|Any CPU
	EndGlobalSection
	GlobalSection(SolutionProperties) = preSolution
		HideSolutionNode = FALSE
	EndGlobalSection
	GlobalSection(ExtensibilityGlobals) = postSolution
		SolutionGuid = {90D3E0BB-B5BB-433B-BDAF-6C41418891BA}
	EndGlobalSection
EndGlobal
